
Microsoft Visual Studio Solution File, Format Version 12.00
# Visual Studio Version 16
VisualStudioVersion = 16.0.30413.136
MinimumVisualStudioVersion = 10.0.40219.1
Project("{9A19103F-16F7-4668-BE54-9A1E7A4F7556}") = "CalculatorExercise", "CalculatorExercise\CalculatorExercise.csproj", "{A65440F6-4854-4DA9-9423-5E6B3065B488}"
EndProject
Project("{FAE04EC0-301F-11D3-BF4B-00C04F79EFBC}") = "CalculatorUnitTest", "CalculatorUnitTest\CalculatorUnitTest.csproj", "{EB8FCEEA-6EEA-4D62-8C88-5390743AC479}"
EndProject
Global
	GlobalSection(SolutionConfigurationPlatforms) = preSolution
		Debug|Any CPU = Debug|Any CPU
		Release|Any CPU = Release|Any CPU
	EndGlobalSection
	GlobalSection(ProjectConfigurationPlatforms) = postSolution
		{A65440F6-4854-4DA9-9423-5E6B3065B488}.Debug|Any CPU.ActiveCfg = Debug|Any CPU
		{A65440F6-4854-4DA9-9423-5E6B3065B488}.Debug|Any CPU.Build.0 = Debug|Any CPU
		{A65440F6-4854-4DA9-9423-5E6B3065B488}.Release|Any CPU.ActiveCfg = Release|Any CPU
		{A65440F6-4854-4DA9-9423-5E6B3065B488}.Release|Any CPU.Build.0 = Release|Any CPU
		{EB8FCEEA-6EEA-4D62-8C88-5390743AC479}.Debug|Any CPU.ActiveCfg = Debug|Any CPU
		{EB8FCEEA-6EEA-4D62-8C88-5390743AC479}.Debug|Any CPU.Build.0 = Debug|Any CPU
		{EB8FCEEA-6EEA-4D62-8C88-5390743AC479}.Release|Any CPU.ActiveCfg = Release|Any CPU
		{EB8FCEEA-6EEA-4D62-8C88-5390743AC479}.Release|Any CPU.Build.0 = Release|Any CPU
	EndGlobalSection
	GlobalSection(SolutionProperties) = preSolution
		HideSolutionNode = FALSE
	EndGlobalSection
	GlobalSection(ExtensibilityGlobals) = postSolution
		SolutionGuid = {1321E745-006D-4A6C-9AB4-DC1DC1017C85}
	EndGlobalSection
EndGlobal
